{
    "_readme": [
        "This file locks the dependencies of your project to a known state",
        "Read more about it at https://getcomposer.org/doc/01-basic-usage.md#installing-dependencies",
        "This file is @generated automatically"
    ],
    "content-hash": "9586fee9a513d530f8ff7f9b6107c90c",
    "packages": [
        {
            "name": "pear/console_getopt",
            "version": "v1.4.3",
            "source": {
                "type": "git",
                "url": "https://github.com/pear/Console_Getopt.git",
                "reference": "a41f8d3e668987609178c7c4a9fe48fecac53fa0"
            },
            "dist": {
                "type": "zip",
                "url": "https://api.github.com/repos/pear/Console_Getopt/zipball/a41f8d3e668987609178c7c4a9fe48fecac53fa0",
                "reference": "a41f8d3e668987609178c7c4a9fe48fecac53fa0",
                "shasum": ""
            },
            "type": "library",
            "autoload": {
                "psr-0": {
                    "Console": "./"
                }
            },
            "notification-url": "https://packagist.org/downloads/",
            "include-path": [
                "./"
            ],
            "license": [
                "BSD-2-Clause"
            ],
            "authors": [
                {
                    "name": "Andrei Zmievski",
                    "email": "andrei@php.net",
                    "role": "Lead"
                },
                {
                    "name": "Stig Bakken",
                    "email": "stig@php.net",
                    "role": "Developer"
                },
                {
                    "name": "Greg Beaver",
                    "email": "cellog@php.net",
                    "role": "Helper"
                }
            ],
            "description": "More info available on: http://pear.php.net/package/Console_Getopt",
            "support": {
                "issues": "http://pear.php.net/bugs/search.php?cmd=display&package_name[]=Console_Getopt",
                "source": "https://github.com/pear/Console_Getopt"
            },
            "time": "2019-11-20T18:27:48+00:00"
        },
        {
            "name": "pear/ole",
            "version": "v1.0.0RC7",
            "source": {
                "type": "git",
                "url": "https://github.com/pear/OLE.git",
                "reference": "5c672486a7a6d8bcf28de69e733df21694bca712"
            },
            "dist": {
                "type": "zip",
                "url": "https://api.github.com/repos/pear/OLE/zipball/5c672486a7a6d8bcf28de69e733df21694bca712",
                "reference": "5c672486a7a6d8bcf28de69e733df21694bca712",
                "shasum": ""
            },
            "require": {
                "pear/pear_exception": "^1.0",
                "php": ">=5.6"
            },
            "require-dev": {
                "friendsofphp/php-cs-fixer": "^2.13",
                "pear/pear-core-minimal": "^1.10",
                "phpunit/phpunit": ">=5 <10",
                "sanmai/phpunit-legacy-adapter": "^6 || ^8"
            },
            "type": "library",
            "autoload": {
                "psr-0": {
                    "OLE": "./"
                }
            },
            "notification-url": "https://packagist.org/downloads/",
            "include-path": [
                "./"
            ],
            "license": [
                "PHP-3.01"
            ],
            "authors": [
                {
                    "name": "Christian Schmidt",
                    "email": "schmidt@php.net",
                    "role": "Lead"
                },
                {
                    "name": "Xavier Noguer",
                    "email": "xnoguer@php.net",
                    "role": "Lead"
                }
            ],
            "description": "This package allows reading and writing of OLE (Object Linking and Embedding) compound documents. This format is used as container for Excel (.xls), Word (.doc) and other Microsoft file formats.",
            "support": {
                "issues": "http://pear.php.net/bugs/search.php?cmd=display&package_name[]=OLE",
                "source": "https://github.com/pear/OLE"
            },
            "time": "2020-11-06T15:30:58+00:00"
        },
        {
            "name": "pear/pear-core-minimal",
            "version": "v1.10.10",
            "source": {
                "type": "git",
                "url": "https://github.com/pear/pear-core-minimal.git",
                "reference": "625a3c429d9b2c1546438679074cac1b089116a7"
            },
            "dist": {
                "type": "zip",
                "url": "https://api.github.com/repos/pear/pear-core-minimal/zipball/625a3c429d9b2c1546438679074cac1b089116a7",
                "reference": "625a3c429d9b2c1546438679074cac1b089116a7",
                "shasum": ""
            },
            "require": {
                "pear/console_getopt": "~1.4",
                "pear/pear_exception": "~1.0"
            },
            "replace": {
                "rsky/pear-core-min": "self.version"
            },
            "type": "library",
            "autoload": {
                "psr-0": {
                    "": "src/"
                }
            },
            "notification-url": "https://packagist.org/downloads/",
            "include-path": [
                "src/"
            ],
            "license": [
                "BSD-3-Clause"
            ],
            "authors": [
                {
                    "name": "Christian Weiske",
                    "email": "cweiske@php.net",
                    "role": "Lead"
                }
            ],
            "description": "Minimal set of PEAR core files to be used as composer dependency",
            "support": {
                "issues": "http://pear.php.net/bugs/search.php?cmd=display&package_name[]=PEAR",
                "source": "https://github.com/pear/pear-core-minimal"
            },
            "time": "2019-11-19T19:00:24+00:00"
        },
        {
            "name": "pear/pear_exception",
            "version": "v1.0.1",
            "source": {
                "type": "git",
                "url": "https://github.com/pear/PEAR_Exception.git",
                "reference": "dbb42a5a0e45f3adcf99babfb2a1ba77b8ac36a7"
            },
            "dist": {
                "type": "zip",
                "url": "https://api.github.com/repos/pear/PEAR_Exception/zipball/dbb42a5a0e45f3adcf99babfb2a1ba77b8ac36a7",
                "reference": "dbb42a5a0e45f3adcf99babfb2a1ba77b8ac36a7",
                "shasum": ""
            },
            "require": {
                "php": ">=4.4.0"
            },
            "require-dev": {
                "phpunit/phpunit": "*"
            },
            "type": "class",
            "extra": {
                "branch-alias": {
                    "dev-master": "1.0.x-dev"
                }
            },
            "autoload": {
                "classmap": [
                    "PEAR/"
                ]
            },
            "notification-url": "https://packagist.org/downloads/",
            "include-path": [
                "."
            ],
            "license": [
                "BSD-2-Clause"
            ],
            "authors": [
                {
                    "name": "Helgi Thormar",
                    "email": "dufuz@php.net"
                },
                {
                    "name": "Greg Beaver",
                    "email": "cellog@php.net"
                }
            ],
            "description": "The PEAR Exception base class.",
            "homepage": "https://github.com/pear/PEAR_Exception",
            "keywords": [
                "exception"
            ],
            "support": {
                "issues": "http://pear.php.net/bugs/search.php?cmd=display&package_name[]=PEAR_Exception",
                "source": "https://github.com/pear/PEAR_Exception"
            },
            "time": "2019-12-10T10:24:42+00:00"
        },
        {
            "name": "pear/spreadsheet_excel_writer",
            "version": "v0.9.7",
            "source": {
                "type": "git",
                "url": "https://github.com/pear/Spreadsheet_Excel_Writer.git",
                "reference": "f6e1821bf20cbcd8202b21dc5104b0e5688386c5"
            },
            "dist": {
                "type": "zip",
                "url": "https://api.github.com/repos/pear/Spreadsheet_Excel_Writer/zipball/f6e1821bf20cbcd8202b21dc5104b0e5688386c5",
                "reference": "f6e1821bf20cbcd8202b21dc5104b0e5688386c5",
                "shasum": ""
            },
            "require": {
                "pear/ole": ">=1.0.0RC4",
                "pear/pear-core-minimal": "^1.10",
                "php": ">=5.6"
            },
            "require-dev": {
                "friendsofphp/php-cs-fixer": "^2",
                "php-coveralls/php-coveralls": "^2.2",
                "phpunit/phpunit": ">=5 <10",
                "sanmai/phpunit-legacy-adapter": "^6 || ^8"
            },
            "type": "library",
            "autoload": {
                "psr-0": {
                    "Spreadsheet": ""
                }
            },
            "notification-url": "https://packagist.org/downloads/",
            "include-path": [
                "./"
            ],
            "license": [
                "LGPL-2.1-or-later"
            ],
            "authors": [
                {
                    "name": "Carsten Schmitz",
                    "email": "cschmitz@limesurvey.org",
                    "role": "Lead"
                },
                {
                    "name": "Xavier Noguer",
                    "email": "xnoguer@php.net",
                    "role": "Lead"
                },
                {
                    "name": "Franck Lefevre",
                    "email": "progi1984@gmail.com",
                    "role": "Developer"
                },
                {
                    "name": "Mika Tuupola",
                    "email": "tuupola@appelsiini.net",
                    "role": "Developer"
                },
                {
                    "name": "Alexey Kopytko",
                    "email": "alexey@kopytko.com",
                    "role": "Lead"
                }
            ],
            "description": "Allows writing of Excel spreadsheets without the need for COM objects. Supports formulas, images (BMP) and all kinds of formatting for text and cells.",
            "support": {
                "issues": "http://pear.php.net/bugs/search.php?cmd=display&package_name[]=Spreadsheet_Excel_Writer",
                "source": "https://github.com/pear/Spreadsheet_Excel_Writer"
            },
            "time": "2021-01-01T11:29:43+00:00"
        },
        {
            "name": "phelium/recaptcha",
            "version": "1.0.8",
            "source": {
                "type": "git",
                "url": "https://github.com/shevabam/recaptcha.git",
                "reference": "e94090ee7237b5e4ddc34c6f26dad43d27816985"
            },
            "dist": {
                "type": "zip",
                "url": "https://api.github.com/repos/shevabam/recaptcha/zipball/e94090ee7237b5e4ddc34c6f26dad43d27816985",
                "reference": "e94090ee7237b5e4ddc34c6f26dad43d27816985",
                "shasum": ""
            },
            "require": {
                "php": ">=5.3.0"
            },
            "type": "library",
            "autoload": {
                "psr-4": {
                    "Phelium\\Component\\": "src"
                }
            },
            "notification-url": "https://packagist.org/downloads/",
            "license": [
                "GPL-2.0-only"
            ],
            "authors": [
                {
                    "name": "ShevAbam"
                }
            ],
            "description": "reCAPTCHA v2 class",
            "homepage": "https://github.com/shevabam/recaptcha",
            "keywords": [
                "captcha",
                "google",
                "recaptcha"
            ],
            "support": {
                "issues": "https://github.com/shevabam/recaptcha/issues",
                "source": "https://github.com/shevabam/recaptcha/tree/master"
            },
            "time": "2018-05-13T13:22:28+00:00"
        },
        {
            "name": "phpmailer/phpmailer",
            "version": "v6.3.0",
            "source": {
                "type": "git",
                "url": "https://github.com/PHPMailer/PHPMailer.git",
                "reference": "4a08cf4cdd2c38d12ee2b9fa69e5d235f37a6dcb"
            },
            "dist": {
                "type": "zip",
                "url": "https://api.github.com/repos/PHPMailer/PHPMailer/zipball/4a08cf4cdd2c38d12ee2b9fa69e5d235f37a6dcb",
                "reference": "4a08cf4cdd2c38d12ee2b9fa69e5d235f37a6dcb",
                "shasum": ""
            },
            "require": {
                "ext-ctype": "*",
                "ext-filter": "*",
                "ext-hash": "*",
                "php": ">=5.5.0"
            },
            "require-dev": {
                "dealerdirect/phpcodesniffer-composer-installer": "^0.7.0",
                "doctrine/annotations": "^1.2",
                "phpcompatibility/php-compatibility": "^9.3.5",
                "roave/security-advisories": "dev-latest",
                "squizlabs/php_codesniffer": "^3.5.6",
                "yoast/phpunit-polyfills": "^0.2.0"
            },
            "suggest": {
                "ext-mbstring": "Needed to send email in multibyte encoding charset",
                "hayageek/oauth2-yahoo": "Needed for Yahoo XOAUTH2 authentication",
                "league/oauth2-google": "Needed for Google XOAUTH2 authentication",
                "psr/log": "For optional PSR-3 debug logging",
                "stevenmaguire/oauth2-microsoft": "Needed for Microsoft XOAUTH2 authentication",
                "symfony/polyfill-mbstring": "To support UTF-8 if the Mbstring PHP extension is not enabled (^1.2)"
            },
            "type": "library",
            "autoload": {
                "psr-4": {
                    "PHPMailer\\PHPMailer\\": "src/"
                }
            },
            "notification-url": "https://packagist.org/downloads/",
            "license": [
                "LGPL-2.1-only"
            ],
            "authors": [
                {
                    "name": "Marcus Bointon",
                    "email": "phpmailer@synchromedia.co.uk"
                },
                {
                    "name": "Jim Jagielski",
                    "email": "jimjag@gmail.com"
                },
                {
                    "name": "Andy Prevost",
                    "email": "codeworxtech@users.sourceforge.net"
                },
                {
                    "name": "Brent R. Matzelle"
                }
            ],
            "description": "PHPMailer is a full-featured email creation and transfer class for PHP",
            "support": {
                "issues": "https://github.com/PHPMailer/PHPMailer/issues",
                "source": "https://github.com/PHPMailer/PHPMailer/tree/v6.3.0"
            },
            "funding": [
                {
                    "url": "https://github.com/Synchro",
                    "type": "github"
                }
            ],
            "time": "2021-02-19T15:28:08+00:00"
        },
        {
            "name": "phptal/phptal",
            "version": "1.4.0",
            "source": {
                "type": "git",
                "url": "https://github.com/phptal/PHPTAL.git",
                "reference": "c02324a880ef83074876585215980bde4d4f9b6b"
            },
            "dist": {
                "type": "zip",
                "url": "https://api.github.com/repos/phptal/PHPTAL/zipball/c02324a880ef83074876585215980bde4d4f9b6b",
                "reference": "c02324a880ef83074876585215980bde4d4f9b6b",
                "shasum": ""
            },
            "require": {
                "php": "^7.1.0"
            },
            "require-dev": {
                "phpunit/phpunit": "^4.8.36"
            },
            "type": "library",
            "autoload": {
                "psr-0": {
                    "PHPTAL": "classes/"
                }
            },
            "notification-url": "https://packagist.org/downloads/",
            "license": [
                "LGPL-2.1+"
            ],
            "authors": [
                {
                    "name": "Laurent Bédubourg",
                    "email": "lbedubourg@motion-twin.com",
                    "homepage": "http://labe.me"
                },
                {
                    "name": "Kornel Lesiński",
                    "email": "kornel@geekhood.net",
                    "homepage": "http://pornel.net/"
                }
            ],
            "description": "PHPTAL is a templating engine for PHP5 that implements Zope Page Templates syntax",
            "homepage": "http://phptal.org/",
            "keywords": [
                "phptal",
                "template engine",
                "zope"
            ],
            "support": {
                "issues": "https://github.com/phptal/PHPTAL/issues",
                "source": "https://github.com/phptal/PHPTAL/tree/1.4.x"
            },
            "time": "2019-03-22T10:55:21+00:00"
        },
        {
            "name": "setasign/fpdi",
            "version": "v2.3.6",
            "source": {
                "type": "git",
                "url": "https://github.com/Setasign/FPDI.git",
                "reference": "6231e315f73e4f62d72b73f3d6d78ff0eed93c31"
            },
            "dist": {
                "type": "zip",
                "url": "https://api.github.com/repos/Setasign/FPDI/zipball/6231e315f73e4f62d72b73f3d6d78ff0eed93c31",
                "reference": "6231e315f73e4f62d72b73f3d6d78ff0eed93c31",
                "shasum": ""
            },
            "require": {
                "ext-zlib": "*",
                "php": "^5.6 || ^7.0 || ^8.0"
            },
            "conflict": {
                "setasign/tfpdf": "<1.31"
            },
            "require-dev": {
                "phpunit/phpunit": "~5.7",
                "setasign/fpdf": "~1.8",
                "setasign/tfpdf": "1.31",
                "squizlabs/php_codesniffer": "^3.5",
                "tecnickcom/tcpdf": "~6.2"
            },
            "suggest": {
                "setasign/fpdf": "FPDI will extend this class but as it is also possible to use TCPDF or tFPDF as an alternative. There's no fixed dependency configured."
            },
            "type": "library",
            "autoload": {
                "psr-4": {
                    "setasign\\Fpdi\\": "src/"
                }
            },
            "notification-url": "https://packagist.org/downloads/",
            "license": [
                "MIT"
            ],
            "authors": [
                {
                    "name": "Jan Slabon",
                    "email": "jan.slabon@setasign.com",
                    "homepage": "https://www.setasign.com"
                },
                {
                    "name": "Maximilian Kresse",
                    "email": "maximilian.kresse@setasign.com",
                    "homepage": "https://www.setasign.com"
                }
            ],
            "description": "FPDI is a collection of PHP classes facilitating developers to read pages from existing PDF documents and use them as templates in FPDF. Because it is also possible to use FPDI with TCPDF, there are no fixed dependencies defined. Please see suggestions for packages which evaluates the dependencies automatically.",
            "homepage": "https://www.setasign.com/fpdi",
            "keywords": [
                "fpdf",
                "fpdi",
                "pdf"
            ],
            "support": {
                "issues": "https://github.com/Setasign/FPDI/issues",
                "source": "https://github.com/Setasign/FPDI/tree/v2.3.6"
            },
            "funding": [
                {
                    "url": "https://tidelift.com/funding/github/packagist/setasign/fpdi",
                    "type": "tidelift"
                }
            ],
            "time": "2021-02-11T11:37:01+00:00"
        },
        {
            "name": "stefangabos/zebra_session",
            "version": "3.1.0",
            "source": {
                "type": "git",
                "url": "https://github.com/stefangabos/Zebra_Session.git",
                "reference": "79bb0f21127207dacfd524797e434227e0bf891e"
            },
            "dist": {
                "type": "zip",
                "url": "https://api.github.com/repos/stefangabos/Zebra_Session/zipball/79bb0f21127207dacfd524797e434227e0bf891e",
                "reference": "79bb0f21127207dacfd524797e434227e0bf891e",
                "shasum": ""
            },
            "require": {
                "php": ">=5.5.2"
            },
            "type": "library",
            "autoload": {
                "classmap": [
                    "Zebra_Session.php"
                ]
            },
            "notification-url": "https://packagist.org/downloads/",
            "license": [
                "LGPL-3.0"
            ],
            "authors": [
                {
                    "name": "Stefan Gabos",
                    "email": "contact@stefangabos.ro",
                    "homepage": "https://github.com/stefangabos",
                    "role": "Developer"
                }
            ],
            "description": "A PHP library acting as a wrapper for PHP's default session handling functions which stores data in a MySQL database, providing both better performance and better security and protection against session fixation and session hijacking.",
            "homepage": "https://github.com/stefangabos/Zebra_Session",
            "keywords": [
                "database",
                "fixation",
                "flash",
                "flashdata",
                "hijack",
                "locking",
                "mysql",
                "mysqli",
                "session"
            ],
            "support": {
                "issues": "https://github.com/stefangabos/Zebra_Session/issues",
                "source": "https://github.com/stefangabos/Zebra_Session/tree/master"
            },
            "time": "2020-05-31T18:33:03+00:00"
        },
        {
            "name": "tecnickcom/tcpdf",
            "version": "6.3.5",
            "source": {
                "type": "git",
                "url": "https://github.com/tecnickcom/TCPDF.git",
                "reference": "19a535eaa7fb1c1cac499109deeb1a7a201b4549"
            },
            "dist": {
                "type": "zip",
                "url": "https://api.github.com/repos/tecnickcom/TCPDF/zipball/19a535eaa7fb1c1cac499109deeb1a7a201b4549",
                "reference": "19a535eaa7fb1c1cac499109deeb1a7a201b4549",
                "shasum": ""
            },
            "require": {
                "php": ">=5.3.0"
            },
            "type": "library",
            "autoload": {
                "classmap": [
                    "config",
                    "include",
                    "tcpdf.php",
                    "tcpdf_parser.php",
                    "tcpdf_import.php",
                    "tcpdf_barcodes_1d.php",
                    "tcpdf_barcodes_2d.php",
                    "include/tcpdf_colors.php",
                    "include/tcpdf_filters.php",
                    "include/tcpdf_font_data.php",
                    "include/tcpdf_fonts.php",
                    "include/tcpdf_images.php",
                    "include/tcpdf_static.php",
                    "include/barcodes/datamatrix.php",
                    "include/barcodes/pdf417.php",
                    "include/barcodes/qrcode.php"
                ]
            },
            "notification-url": "https://packagist.org/downloads/",
            "license": [
                "LGPL-3.0-only"
            ],
            "authors": [
                {
                    "name": "Nicola Asuni",
                    "email": "info@tecnick.com",
                    "role": "lead"
                }
            ],
            "description": "TCPDF is a PHP class for generating PDF documents and barcodes.",
            "homepage": "http://www.tcpdf.org/",
            "keywords": [
                "PDFD32000-2008",
                "TCPDF",
                "barcodes",
                "datamatrix",
                "pdf",
                "pdf417",
                "qrcode"
            ],
            "support": {
                "issues": "https://github.com/tecnickcom/TCPDF/issues",
                "source": "https://github.com/tecnickcom/TCPDF/tree/6.3.5"
            },
            "time": "2020-02-14T14:20:12+00:00"
        }
    ],
    "packages-dev": [],
    "aliases": [],
    "minimum-stability": "stable",
    "stability-flags": {
        "pear/ole": 5
    },
    "prefer-stable": false,
    "prefer-lowest": false,
    "platform": {
        "php": "~7.4.0",
        "ext-gd": "*",
        "ext-mbstring": "*"
    },
    "platform-dev": [],
    "platform-overrides": {
        "php": "7.4.15"
    },
    "plugin-api-version": "2.0.0"
}
